{
  "version": 4,
  "terraform_version": "1.5.7",
  "serial": 17,
  "lineage": "c016cb47-3903-d691-8960-72a9d8814665",
  "outputs": {
    "bucket_console_url": {
      "value": "https://console.cloud.google.com/storage/browser/adept-turbine-339912-rent-data-lake",
      "type": "string"
    },
    "bucket_folders": {
      "value": [
        "raw_data/",
        "raw_data/rent591/",
        "processed_data/",
        "processed_data/cleaned/",
        "processed_data/enriched/",
        "archive/",
        "logs/",
        "temp/"
      ],
      "type": [
        "tuple",
        [
          "string",
          "string",
          "string",
          "string",
          "string",
          "string",
          "string",
          "string"
        ]
      ]
    },
    "bucket_location": {
      "value": "ASIA-EAST1",
      "type": "string"
    },
    "bucket_name": {
      "value": "adept-turbine-339912-rent-data-lake",
      "type": "string"
    },
    "bucket_storage_class": {
      "value": "STANDARD",
      "type": "string"
    },
    "bucket_url": {
      "value": "gs://adept-turbine-339912-rent-data-lake",
      "type": "string"
    },
    "processed_data_path": {
      "value": "gs://adept-turbine-339912-rent-data-lake/processed_data/",
      "type": "string"
    },
    "raw_data_path": {
      "value": "gs://adept-turbine-339912-rent-data-lake/raw_data/rent591/",
      "type": "string"
    }
  },
  "resources": [
    {
      "mode": "data",
      "type": "google_project",
      "name": "current",
      "provider": "provider[\"registry.terraform.io/hashicorp/google\"]",
      "instances": [
        {
          "schema_version": 0,
          "attributes": {
            "auto_create_network": null,
            "billing_account": null,
            "folder_id": null,
            "id": "projects/adept-turbine-339912",
            "labels": {},
            "name": "My First Project",
            "number": "352693858328",
            "org_id": null,
            "project_id": "adept-turbine-339912",
            "skip_delete": null
          },
          "sensitive_attributes": []
        }
      ]
    },
    {
      "mode": "data",
      "type": "google_service_account",
      "name": "existing_sa",
      "provider": "provider[\"registry.terraform.io/hashicorp/google\"]",
      "instances": [
        {
          "schema_version": 0,
          "attributes": {
            "account_id": "terraform-sa",
            "display_name": "iac_infra_sa",
            "email": "terraform-sa@adept-turbine-339912.iam.gserviceaccount.com",
            "id": "projects/adept-turbine-339912/serviceAccounts/terraform-sa@adept-turbine-339912.iam.gserviceaccount.com",
            "member": "serviceAccount:terraform-sa@adept-turbine-339912.iam.gserviceaccount.com",
            "name": "projects/adept-turbine-339912/serviceAccounts/terraform-sa@adept-turbine-339912.iam.gserviceaccount.com",
            "project": "adept-turbine-339912",
            "unique_id": "102990733481950060277"
          },
          "sensitive_attributes": []
        }
      ]
    },
    {
      "mode": "managed",
      "type": "google_project_service",
      "name": "bigquery_api",
      "provider": "provider[\"registry.terraform.io/hashicorp/google\"]",
      "instances": [
        {
          "schema_version": 0,
          "attributes": {
            "disable_dependent_services": null,
            "disable_on_destroy": false,
            "id": "adept-turbine-339912/bigquery.googleapis.com",
            "project": "adept-turbine-339912",
            "service": "bigquery.googleapis.com",
            "timeouts": null
          },
          "sensitive_attributes": [],
          "private": "eyJlMmJmYjczMC1lY2FhLTExZTYtOGY4OC0zNDM2M2JjN2M0YzAiOnsiY3JlYXRlIjoxMjAwMDAwMDAwMDAwLCJkZWxldGUiOjEyMDAwMDAwMDAwMDAsInJlYWQiOjYwMDAwMDAwMDAwMCwidXBkYXRlIjoxMjAwMDAwMDAwMDAwfX0="
        }
      ]
    },
    {
      "mode": "managed",
      "type": "google_project_service",
      "name": "storage_api",
      "provider": "provider[\"registry.terraform.io/hashicorp/google\"]",
      "instances": [
        {
          "schema_version": 0,
          "attributes": {
            "disable_dependent_services": null,
            "disable_on_destroy": false,
            "id": "adept-turbine-339912/storage.googleapis.com",
            "project": "adept-turbine-339912",
            "service": "storage.googleapis.com",
            "timeouts": null
          },
          "sensitive_attributes": [],
          "private": "eyJlMmJmYjczMC1lY2FhLTExZTYtOGY4OC0zNDM2M2JjN2M0YzAiOnsiY3JlYXRlIjoxMjAwMDAwMDAwMDAwLCJkZWxldGUiOjEyMDAwMDAwMDAwMDAsInJlYWQiOjYwMDAwMDAwMDAwMCwidXBkYXRlIjoxMjAwMDAwMDAwMDAwfX0="
        }
      ]
    },
    {
      "mode": "managed",
      "type": "google_storage_bucket",
      "name": "rent_data_lake",
      "provider": "provider[\"registry.terraform.io/hashicorp/google\"]",
      "instances": [
        {
          "schema_version": 0,
          "attributes": {
            "autoclass": [],
            "cors": [],
            "custom_placement_config": [],
            "default_event_based_hold": false,
            "encryption": [],
            "force_destroy": true,
            "id": "adept-turbine-339912-rent-data-lake",
            "labels": {
              "created_by": "terraform",
              "environment": "demo",
              "owner": "data-team",
              "project": "rent-analysis",
              "purpose": "data-lake",
              "service": "gcs-storage"
            },
            "lifecycle_rule": [
              {
                "action": [
                  {
                    "storage_class": "NEARLINE",
                    "type": "SetStorageClass"
                  }
                ],
                "condition": [
                  {
                    "age": 30,
                    "created_before": "",
                    "custom_time_before": "",
                    "days_since_custom_time": 0,
                    "days_since_noncurrent_time": 0,
                    "matches_prefix": [],
                    "matches_storage_class": [],
                    "matches_suffix": [],
                    "noncurrent_time_before": "",
                    "num_newer_versions": 0,
                    "with_state": "ANY"
                  }
                ]
              },
              {
                "action": [
                  {
                    "storage_class": "COLDLINE",
                    "type": "SetStorageClass"
                  }
                ],
                "condition": [
                  {
                    "age": 90,
                    "created_before": "",
                    "custom_time_before": "",
                    "days_since_custom_time": 0,
                    "days_since_noncurrent_time": 0,
                    "matches_prefix": [],
                    "matches_storage_class": [],
                    "matches_suffix": [],
                    "noncurrent_time_before": "",
                    "num_newer_versions": 0,
                    "with_state": "ANY"
                  }
                ]
              }
            ],
            "location": "ASIA-EAST1",
            "logging": [],
            "name": "adept-turbine-339912-rent-data-lake",
            "project": "adept-turbine-339912",
            "public_access_prevention": "inherited",
            "requester_pays": false,
            "retention_policy": [],
            "self_link": "https://www.googleapis.com/storage/v1/b/adept-turbine-339912-rent-data-lake",
            "soft_delete_policy": [
              {
                "effective_time": "2025-07-12T17:17:40.324Z",
                "retention_duration_seconds": 604800
              }
            ],
            "storage_class": "STANDARD",
            "timeouts": null,
            "uniform_bucket_level_access": true,
            "url": "gs://adept-turbine-339912-rent-data-lake",
            "versioning": [
              {
                "enabled": true
              }
            ],
            "website": []
          },
          "sensitive_attributes": [],
          "private": "eyJlMmJmYjczMC1lY2FhLTExZTYtOGY4OC0zNDM2M2JjN2M0YzAiOnsiY3JlYXRlIjo2MDAwMDAwMDAwMDAsInJlYWQiOjI0MDAwMDAwMDAwMCwidXBkYXRlIjoyNDAwMDAwMDAwMDB9fQ==",
          "dependencies": [
            "google_project_service.storage_api"
          ]
        }
      ]
    },
    {
      "mode": "managed",
      "type": "google_storage_bucket_iam_member",
      "name": "bucket_admin",
      "provider": "provider[\"registry.terraform.io/hashicorp/google\"]",
      "instances": [
        {
          "schema_version": 0,
          "attributes": {
            "bucket": "b/adept-turbine-339912-rent-data-lake",
            "condition": [],
            "etag": "CAQ=",
            "id": "b/adept-turbine-339912-rent-data-lake/roles/storage.admin/serviceAccount:terraform-sa@adept-turbine-339912.iam.gserviceaccount.com",
            "member": "serviceAccount:terraform-sa@adept-turbine-339912.iam.gserviceaccount.com",
            "role": "roles/storage.admin"
          },
          "sensitive_attributes": [],
          "private": "bnVsbA==",
          "dependencies": [
            "data.google_service_account.existing_sa",
            "google_project_service.storage_api",
            "google_storage_bucket.rent_data_lake"
          ]
        }
      ]
    },
    {
      "mode": "managed",
      "type": "google_storage_bucket_iam_member",
      "name": "bucket_object_admin",
      "provider": "provider[\"registry.terraform.io/hashicorp/google\"]",
      "instances": [
        {
          "schema_version": 0,
          "attributes": {
            "bucket": "b/adept-turbine-339912-rent-data-lake",
            "condition": [],
            "etag": "CAQ=",
            "id": "b/adept-turbine-339912-rent-data-lake/roles/storage.objectAdmin/serviceAccount:terraform-sa@adept-turbine-339912.iam.gserviceaccount.com",
            "member": "serviceAccount:terraform-sa@adept-turbine-339912.iam.gserviceaccount.com",
            "role": "roles/storage.objectAdmin"
          },
          "sensitive_attributes": [],
          "private": "bnVsbA==",
          "dependencies": [
            "data.google_service_account.existing_sa",
            "google_project_service.storage_api",
            "google_storage_bucket.rent_data_lake"
          ]
        }
      ]
    },
    {
      "mode": "managed",
      "type": "google_storage_bucket_iam_member",
      "name": "compute_access",
      "provider": "provider[\"registry.terraform.io/hashicorp/google\"]",
      "instances": [
        {
          "schema_version": 0,
          "attributes": {
            "bucket": "b/adept-turbine-339912-rent-data-lake",
            "condition": [],
            "etag": "CAQ=",
            "id": "b/adept-turbine-339912-rent-data-lake/roles/storage.objectAdmin/serviceAccount:352693858328-compute@developer.gserviceaccount.com",
            "member": "serviceAccount:352693858328-compute@developer.gserviceaccount.com",
            "role": "roles/storage.objectAdmin"
          },
          "sensitive_attributes": [],
          "private": "bnVsbA==",
          "dependencies": [
            "data.google_project.current",
            "google_project_service.storage_api",
            "google_storage_bucket.rent_data_lake"
          ]
        }
      ]
    },
    {
      "mode": "managed",
      "type": "google_storage_bucket_object",
      "name": "folders",
      "provider": "provider[\"registry.terraform.io/hashicorp/google\"]",
      "instances": [
        {
          "index_key": "archive/",
          "schema_version": 0,
          "attributes": {
            "bucket": "adept-turbine-339912-rent-data-lake",
            "cache_control": "",
            "content": " ",
            "content_disposition": "",
            "content_encoding": "",
            "content_language": "",
            "content_type": "text/plain; charset=utf-8",
            "crc32c": "csDdjw==",
            "customer_encryption": [],
            "detect_md5hash": "chXunH2dwinSkhpA6JnsXw==",
            "event_based_hold": false,
            "id": "adept-turbine-339912-rent-data-lake-archive/",
            "kms_key_name": "",
            "md5hash": "chXunH2dwinSkhpA6JnsXw==",
            "media_link": "https://storage.googleapis.com/download/storage/v1/b/adept-turbine-339912-rent-data-lake/o/archive%2F?generation=1752340660810642\u0026alt=media",
            "metadata": null,
            "name": "archive/",
            "output_name": "archive/",
            "self_link": "https://www.googleapis.com/storage/v1/b/adept-turbine-339912-rent-data-lake/o/archive%2F",
            "source": null,
            "storage_class": "STANDARD",
            "temporary_hold": false,
            "timeouts": null
          },
          "sensitive_attributes": [],
          "private": "eyJlMmJmYjczMC1lY2FhLTExZTYtOGY4OC0zNDM2M2JjN2M0YzAiOnsiY3JlYXRlIjoyNDAwMDAwMDAwMDAsImRlbGV0ZSI6MjQwMDAwMDAwMDAwLCJ1cGRhdGUiOjI0MDAwMDAwMDAwMH19",
          "dependencies": [
            "google_project_service.storage_api",
            "google_storage_bucket.rent_data_lake"
          ]
        },
        {
          "index_key": "logs/",
          "schema_version": 0,
          "attributes": {
            "bucket": "adept-turbine-339912-rent-data-lake",
            "cache_control": "",
            "content": " ",
            "content_disposition": "",
            "content_encoding": "",
            "content_language": "",
            "content_type": "text/plain; charset=utf-8",
            "crc32c": "csDdjw==",
            "customer_encryption": [],
            "detect_md5hash": "chXunH2dwinSkhpA6JnsXw==",
            "event_based_hold": false,
            "id": "adept-turbine-339912-rent-data-lake-logs/",
            "kms_key_name": "",
            "md5hash": "chXunH2dwinSkhpA6JnsXw==",
            "media_link": "https://storage.googleapis.com/download/storage/v1/b/adept-turbine-339912-rent-data-lake/o/logs%2F?generation=1752340660909651\u0026alt=media",
            "metadata": null,
            "name": "logs/",
            "output_name": "logs/",
            "self_link": "https://www.googleapis.com/storage/v1/b/adept-turbine-339912-rent-data-lake/o/logs%2F",
            "source": null,
            "storage_class": "STANDARD",
            "temporary_hold": false,
            "timeouts": null
          },
          "sensitive_attributes": [],
          "private": "eyJlMmJmYjczMC1lY2FhLTExZTYtOGY4OC0zNDM2M2JjN2M0YzAiOnsiY3JlYXRlIjoyNDAwMDAwMDAwMDAsImRlbGV0ZSI6MjQwMDAwMDAwMDAwLCJ1cGRhdGUiOjI0MDAwMDAwMDAwMH19",
          "dependencies": [
            "google_project_service.storage_api",
            "google_storage_bucket.rent_data_lake"
          ]
        },
        {
          "index_key": "processed_data/",
          "schema_version": 0,
          "attributes": {
            "bucket": "adept-turbine-339912-rent-data-lake",
            "cache_control": "",
            "content": " ",
            "content_disposition": "",
            "content_encoding": "",
            "content_language": "",
            "content_type": "text/plain; charset=utf-8",
            "crc32c": "csDdjw==",
            "customer_encryption": [],
            "detect_md5hash": "chXunH2dwinSkhpA6JnsXw==",
            "event_based_hold": false,
            "id": "adept-turbine-339912-rent-data-lake-processed_data/",
            "kms_key_name": "",
            "md5hash": "chXunH2dwinSkhpA6JnsXw==",
            "media_link": "https://storage.googleapis.com/download/storage/v1/b/adept-turbine-339912-rent-data-lake/o/processed_data%2F?generation=1752340660811160\u0026alt=media",
            "metadata": null,
            "name": "processed_data/",
            "output_name": "processed_data/",
            "self_link": "https://www.googleapis.com/storage/v1/b/adept-turbine-339912-rent-data-lake/o/processed_data%2F",
            "source": null,
            "storage_class": "STANDARD",
            "temporary_hold": false,
            "timeouts": null
          },
          "sensitive_attributes": [],
          "private": "eyJlMmJmYjczMC1lY2FhLTExZTYtOGY4OC0zNDM2M2JjN2M0YzAiOnsiY3JlYXRlIjoyNDAwMDAwMDAwMDAsImRlbGV0ZSI6MjQwMDAwMDAwMDAwLCJ1cGRhdGUiOjI0MDAwMDAwMDAwMH19",
          "dependencies": [
            "google_project_service.storage_api",
            "google_storage_bucket.rent_data_lake"
          ]
        },
        {
          "index_key": "processed_data/cleaned/",
          "schema_version": 0,
          "attributes": {
            "bucket": "adept-turbine-339912-rent-data-lake",
            "cache_control": "",
            "content": " ",
            "content_disposition": "",
            "content_encoding": "",
            "content_language": "",
            "content_type": "text/plain; charset=utf-8",
            "crc32c": "csDdjw==",
            "customer_encryption": [],
            "detect_md5hash": "chXunH2dwinSkhpA6JnsXw==",
            "event_based_hold": false,
            "id": "adept-turbine-339912-rent-data-lake-processed_data/cleaned/",
            "kms_key_name": "",
            "md5hash": "chXunH2dwinSkhpA6JnsXw==",
            "media_link": "https://storage.googleapis.com/download/storage/v1/b/adept-turbine-339912-rent-data-lake/o/processed_data%2Fcleaned%2F?generation=1752340661207606\u0026alt=media",
            "metadata": null,
            "name": "processed_data/cleaned/",
            "output_name": "processed_data/cleaned/",
            "self_link": "https://www.googleapis.com/storage/v1/b/adept-turbine-339912-rent-data-lake/o/processed_data%2Fcleaned%2F",
            "source": null,
            "storage_class": "STANDARD",
            "temporary_hold": false,
            "timeouts": null
          },
          "sensitive_attributes": [],
          "private": "eyJlMmJmYjczMC1lY2FhLTExZTYtOGY4OC0zNDM2M2JjN2M0YzAiOnsiY3JlYXRlIjoyNDAwMDAwMDAwMDAsImRlbGV0ZSI6MjQwMDAwMDAwMDAwLCJ1cGRhdGUiOjI0MDAwMDAwMDAwMH19",
          "dependencies": [
            "google_project_service.storage_api",
            "google_storage_bucket.rent_data_lake"
          ]
        },
        {
          "index_key": "processed_data/enriched/",
          "schema_version": 0,
          "attributes": {
            "bucket": "adept-turbine-339912-rent-data-lake",
            "cache_control": "",
            "content": " ",
            "content_disposition": "",
            "content_encoding": "",
            "content_language": "",
            "content_type": "text/plain; charset=utf-8",
            "crc32c": "csDdjw==",
            "customer_encryption": [],
            "detect_md5hash": "chXunH2dwinSkhpA6JnsXw==",
            "event_based_hold": false,
            "id": "adept-turbine-339912-rent-data-lake-processed_data/enriched/",
            "kms_key_name": "",
            "md5hash": "chXunH2dwinSkhpA6JnsXw==",
            "media_link": "https://storage.googleapis.com/download/storage/v1/b/adept-turbine-339912-rent-data-lake/o/processed_data%2Fenriched%2F?generation=1752340660809478\u0026alt=media",
            "metadata": null,
            "name": "processed_data/enriched/",
            "output_name": "processed_data/enriched/",
            "self_link": "https://www.googleapis.com/storage/v1/b/adept-turbine-339912-rent-data-lake/o/processed_data%2Fenriched%2F",
            "source": null,
            "storage_class": "STANDARD",
            "temporary_hold": false,
            "timeouts": null
          },
          "sensitive_attributes": [],
          "private": "eyJlMmJmYjczMC1lY2FhLTExZTYtOGY4OC0zNDM2M2JjN2M0YzAiOnsiY3JlYXRlIjoyNDAwMDAwMDAwMDAsImRlbGV0ZSI6MjQwMDAwMDAwMDAwLCJ1cGRhdGUiOjI0MDAwMDAwMDAwMH19",
          "dependencies": [
            "google_project_service.storage_api",
            "google_storage_bucket.rent_data_lake"
          ]
        },
        {
          "index_key": "raw_data/",
          "schema_version": 0,
          "attributes": {
            "bucket": "adept-turbine-339912-rent-data-lake",
            "cache_control": "",
            "content": " ",
            "content_disposition": "",
            "content_encoding": "",
            "content_language": "",
            "content_type": "text/plain; charset=utf-8",
            "crc32c": "csDdjw==",
            "customer_encryption": [],
            "detect_md5hash": "chXunH2dwinSkhpA6JnsXw==",
            "event_based_hold": false,
            "id": "adept-turbine-339912-rent-data-lake-raw_data/",
            "kms_key_name": "",
            "md5hash": "chXunH2dwinSkhpA6JnsXw==",
            "media_link": "https://storage.googleapis.com/download/storage/v1/b/adept-turbine-339912-rent-data-lake/o/raw_data%2F?generation=1752340661207613\u0026alt=media",
            "metadata": null,
            "name": "raw_data/",
            "output_name": "raw_data/",
            "self_link": "https://www.googleapis.com/storage/v1/b/adept-turbine-339912-rent-data-lake/o/raw_data%2F",
            "source": null,
            "storage_class": "STANDARD",
            "temporary_hold": false,
            "timeouts": null
          },
          "sensitive_attributes": [],
          "private": "eyJlMmJmYjczMC1lY2FhLTExZTYtOGY4OC0zNDM2M2JjN2M0YzAiOnsiY3JlYXRlIjoyNDAwMDAwMDAwMDAsImRlbGV0ZSI6MjQwMDAwMDAwMDAwLCJ1cGRhdGUiOjI0MDAwMDAwMDAwMH19",
          "dependencies": [
            "google_project_service.storage_api",
            "google_storage_bucket.rent_data_lake"
          ]
        },
        {
          "index_key": "raw_data/rent591/",
          "schema_version": 0,
          "attributes": {
            "bucket": "adept-turbine-339912-rent-data-lake",
            "cache_control": "",
            "content": " ",
            "content_disposition": "",
            "content_encoding": "",
            "content_language": "",
            "content_type": "text/plain; charset=utf-8",
            "crc32c": "csDdjw==",
            "customer_encryption": [],
            "detect_md5hash": "chXunH2dwinSkhpA6JnsXw==",
            "event_based_hold": false,
            "id": "adept-turbine-339912-rent-data-lake-raw_data/rent591/",
            "kms_key_name": "",
            "md5hash": "chXunH2dwinSkhpA6JnsXw==",
            "media_link": "https://storage.googleapis.com/download/storage/v1/b/adept-turbine-339912-rent-data-lake/o/raw_data%2Frent591%2F?generation=1752340660810966\u0026alt=media",
            "metadata": null,
            "name": "raw_data/rent591/",
            "output_name": "raw_data/rent591/",
            "self_link": "https://www.googleapis.com/storage/v1/b/adept-turbine-339912-rent-data-lake/o/raw_data%2Frent591%2F",
            "source": null,
            "storage_class": "STANDARD",
            "temporary_hold": false,
            "timeouts": null
          },
          "sensitive_attributes": [],
          "private": "eyJlMmJmYjczMC1lY2FhLTExZTYtOGY4OC0zNDM2M2JjN2M0YzAiOnsiY3JlYXRlIjoyNDAwMDAwMDAwMDAsImRlbGV0ZSI6MjQwMDAwMDAwMDAwLCJ1cGRhdGUiOjI0MDAwMDAwMDAwMH19",
          "dependencies": [
            "google_project_service.storage_api",
            "google_storage_bucket.rent_data_lake"
          ]
        },
        {
          "index_key": "temp/",
          "schema_version": 0,
          "attributes": {
            "bucket": "adept-turbine-339912-rent-data-lake",
            "cache_control": "",
            "content": " ",
            "content_disposition": "",
            "content_encoding": "",
            "content_language": "",
            "content_type": "text/plain; charset=utf-8",
            "crc32c": "csDdjw==",
            "customer_encryption": [],
            "detect_md5hash": "chXunH2dwinSkhpA6JnsXw==",
            "event_based_hold": false,
            "id": "adept-turbine-339912-rent-data-lake-temp/",
            "kms_key_name": "",
            "md5hash": "chXunH2dwinSkhpA6JnsXw==",
            "media_link": "https://storage.googleapis.com/download/storage/v1/b/adept-turbine-339912-rent-data-lake/o/temp%2F?generation=1752340660812243\u0026alt=media",
            "metadata": null,
            "name": "temp/",
            "output_name": "temp/",
            "self_link": "https://www.googleapis.com/storage/v1/b/adept-turbine-339912-rent-data-lake/o/temp%2F",
            "source": null,
            "storage_class": "STANDARD",
            "temporary_hold": false,
            "timeouts": null
          },
          "sensitive_attributes": [],
          "private": "eyJlMmJmYjczMC1lY2FhLTExZTYtOGY4OC0zNDM2M2JjN2M0YzAiOnsiY3JlYXRlIjoyNDAwMDAwMDAwMDAsImRlbGV0ZSI6MjQwMDAwMDAwMDAwLCJ1cGRhdGUiOjI0MDAwMDAwMDAwMH19",
          "dependencies": [
            "google_project_service.storage_api",
            "google_storage_bucket.rent_data_lake"
          ]
        }
      ]
    }
  ],
  "check_results": null
}
